
Microsoft Visual Studio Solution File, Format Version 12.00
# Visual Studio Version 16
VisualStudioVersion = 16.0.31702.278
MinimumVisualStudioVersion = 10.0.40219.1
Project("{FAE04EC0-301F-11D3-BF4B-00C04F79EFBC}") = "Entidades", "ParcialApp\Entidades.csproj", "{BE7D2B98-73A3-45F9-9F09-E93064852DD2}"
EndProject
Project("{FAE04EC0-301F-11D3-BF4B-00C04F79EFBC}") = "ParcialDispositivo", "ParcialDispositivo\ParcialDispositivo.csproj", "{F947702C-B667-4C11-B980-0524509336C5}"
EndProject
Global
	GlobalSection(SolutionConfigurationPlatforms) = preSolution
		Debug|Any CPU = Debug|Any CPU
		Release|Any CPU = Release|Any CPU
	EndGlobalSection
	GlobalSection(ProjectConfigurationPlatforms) = postSolution
		{BE7D2B98-73A3-45F9-9F09-E93064852DD2}.Debug|Any CPU.ActiveCfg = Debug|Any CPU
		{BE7D2B98-73A3-45F9-9F09-E93064852DD2}.Debug|Any CPU.Build.0 = Debug|Any CPU
		{BE7D2B98-73A3-45F9-9F09-E93064852DD2}.Release|Any CPU.ActiveCfg = Release|Any CPU
		{BE7D2B98-73A3-45F9-9F09-E93064852DD2}.Release|Any CPU.Build.0 = Release|Any CPU
		{F947702C-B667-4C11-B980-0524509336C5}.Debug|Any CPU.ActiveCfg = Debug|Any CPU
		{F947702C-B667-4C11-B980-0524509336C5}.Debug|Any CPU.Build.0 = Debug|Any CPU
		{F947702C-B667-4C11-B980-0524509336C5}.Release|Any CPU.ActiveCfg = Release|Any CPU
		{F947702C-B667-4C11-B980-0524509336C5}.Release|Any CPU.Build.0 = Release|Any CPU
	EndGlobalSection
	GlobalSection(SolutionProperties) = preSolution
		HideSolutionNode = FALSE
	EndGlobalSection
	GlobalSection(ExtensibilityGlobals) = postSolution
		SolutionGuid = {F171EBDC-4A5C-476A-BA9A-BAC0C6C92572}
	EndGlobalSection
EndGlobal
