
Microsoft Visual Studio Solution File, Format Version 12.00
# Visual Studio Version 16
VisualStudioVersion = 16.0.31702.278
MinimumVisualStudioVersion = 10.0.40219.1
Project("{FAE04EC0-301F-11D3-BF4B-00C04F79EFBC}") = "EjercicioDeRepaso", "EjercicioDeRepaso\EjercicioDeRepaso.csproj", "{CF4B51B7-6CBD-4864-96FD-05A18D2DDA4B}"
EndProject
Project("{FAE04EC0-301F-11D3-BF4B-00C04F79EFBC}") = "formulario", "formulario\formulario.csproj", "{8E362B6F-4EC2-411C-9B00-1DA73F193A30}"
EndProject
Global
	GlobalSection(SolutionConfigurationPlatforms) = preSolution
		Debug|Any CPU = Debug|Any CPU
		Release|Any CPU = Release|Any CPU
	EndGlobalSection
	GlobalSection(ProjectConfigurationPlatforms) = postSolution
		{CF4B51B7-6CBD-4864-96FD-05A18D2DDA4B}.Debug|Any CPU.ActiveCfg = Debug|Any CPU
		{CF4B51B7-6CBD-4864-96FD-05A18D2DDA4B}.Debug|Any CPU.Build.0 = Debug|Any CPU
		{CF4B51B7-6CBD-4864-96FD-05A18D2DDA4B}.Release|Any CPU.ActiveCfg = Release|Any CPU
		{CF4B51B7-6CBD-4864-96FD-05A18D2DDA4B}.Release|Any CPU.Build.0 = Release|Any CPU
		{8E362B6F-4EC2-411C-9B00-1DA73F193A30}.Debug|Any CPU.ActiveCfg = Debug|Any CPU
		{8E362B6F-4EC2-411C-9B00-1DA73F193A30}.Debug|Any CPU.Build.0 = Debug|Any CPU
		{8E362B6F-4EC2-411C-9B00-1DA73F193A30}.Release|Any CPU.ActiveCfg = Release|Any CPU
		{8E362B6F-4EC2-411C-9B00-1DA73F193A30}.Release|Any CPU.Build.0 = Release|Any CPU
	EndGlobalSection
	GlobalSection(SolutionProperties) = preSolution
		HideSolutionNode = FALSE
	EndGlobalSection
	GlobalSection(ExtensibilityGlobals) = postSolution
		SolutionGuid = {61AEB9B0-8A68-4C28-8E28-3D5B6D1287C4}
	EndGlobalSection
EndGlobal
