
Microsoft Visual Studio Solution File, Format Version 12.00
# Visual Studio Version 16
VisualStudioVersion = 16.0.31624.102
MinimumVisualStudioVersion = 10.0.40219.1
Project("{FAE04EC0-301F-11D3-BF4B-00C04F79EFBC}") = "CentralTelefonica", "CentralTelefonica\CentralTelefonica.csproj", "{9711DDAC-3DCA-4075-9707-EA3000BCD53F}"
EndProject
Global
	GlobalSection(SolutionConfigurationPlatforms) = preSolution
		Debug|Any CPU = Debug|Any CPU
		Release|Any CPU = Release|Any CPU
	EndGlobalSection
	GlobalSection(ProjectConfigurationPlatforms) = postSolution
		{9711DDAC-3DCA-4075-9707-EA3000BCD53F}.Debug|Any CPU.ActiveCfg = Debug|Any CPU
		{9711DDAC-3DCA-4075-9707-EA3000BCD53F}.Debug|Any CPU.Build.0 = Debug|Any CPU
		{9711DDAC-3DCA-4075-9707-EA3000BCD53F}.Release|Any CPU.ActiveCfg = Release|Any CPU
		{9711DDAC-3DCA-4075-9707-EA3000BCD53F}.Release|Any CPU.Build.0 = Release|Any CPU
	EndGlobalSection
	GlobalSection(SolutionProperties) = preSolution
		HideSolutionNode = FALSE
	EndGlobalSection
	GlobalSection(ExtensibilityGlobals) = postSolution
		SolutionGuid = {404B1177-A785-480F-8CD4-BD1B4993A230}
	EndGlobalSection
EndGlobal
