
Microsoft Visual Studio Solution File, Format Version 12.00
# Visual Studio Version 16
VisualStudioVersion = 16.0.31702.278
MinimumVisualStudioVersion = 10.0.40219.1
Project("{9A19103F-16F7-4668-BE54-9A1E7A4F7556}") = "Entidades", "Andrea.Briceno.2C\Entidades.csproj", "{71424644-D2DC-4251-AD3A-7F777FBE4703}"
EndProject
Project("{9A19103F-16F7-4668-BE54-9A1E7A4F7556}") = "Formulario", "Formulario\Formulario.csproj", "{43756690-6775-4477-86AC-ABA6084033A2}"
	ProjectSection(ProjectDependencies) = postProject
		{71424644-D2DC-4251-AD3A-7F777FBE4703} = {71424644-D2DC-4251-AD3A-7F777FBE4703}
	EndProjectSection
EndProject
Global
	GlobalSection(SolutionConfigurationPlatforms) = preSolution
		Debug|Any CPU = Debug|Any CPU
		Release|Any CPU = Release|Any CPU
	EndGlobalSection
	GlobalSection(ProjectConfigurationPlatforms) = postSolution
		{71424644-D2DC-4251-AD3A-7F777FBE4703}.Debug|Any CPU.ActiveCfg = Debug|Any CPU
		{71424644-D2DC-4251-AD3A-7F777FBE4703}.Debug|Any CPU.Build.0 = Debug|Any CPU
		{71424644-D2DC-4251-AD3A-7F777FBE4703}.Release|Any CPU.ActiveCfg = Release|Any CPU
		{71424644-D2DC-4251-AD3A-7F777FBE4703}.Release|Any CPU.Build.0 = Release|Any CPU
		{43756690-6775-4477-86AC-ABA6084033A2}.Debug|Any CPU.ActiveCfg = Debug|Any CPU
		{43756690-6775-4477-86AC-ABA6084033A2}.Debug|Any CPU.Build.0 = Debug|Any CPU
		{43756690-6775-4477-86AC-ABA6084033A2}.Release|Any CPU.ActiveCfg = Release|Any CPU
		{43756690-6775-4477-86AC-ABA6084033A2}.Release|Any CPU.Build.0 = Release|Any CPU
	EndGlobalSection
	GlobalSection(SolutionProperties) = preSolution
		HideSolutionNode = FALSE
	EndGlobalSection
	GlobalSection(ExtensibilityGlobals) = postSolution
		SolutionGuid = {B4B38CED-B67C-4754-BDC3-CE1CECEA36C3}
	EndGlobalSection
EndGlobal
