
Microsoft Visual Studio Solution File, Format Version 12.00
# Visual Studio Version 16
VisualStudioVersion = 16.0.31729.503
MinimumVisualStudioVersion = 10.0.40219.1
Project("{FAE04EC0-301F-11D3-BF4B-00C04F79EFBC}") = "claseconsql", "claseconsql\claseconsql.csproj", "{B69A44D1-0E64-414F-B197-E86456F2850E}"
EndProject
Global
	GlobalSection(SolutionConfigurationPlatforms) = preSolution
		Debug|Any CPU = Debug|Any CPU
		Release|Any CPU = Release|Any CPU
	EndGlobalSection
	GlobalSection(ProjectConfigurationPlatforms) = postSolution
		{B69A44D1-0E64-414F-B197-E86456F2850E}.Debug|Any CPU.ActiveCfg = Debug|Any CPU
		{B69A44D1-0E64-414F-B197-E86456F2850E}.Debug|Any CPU.Build.0 = Debug|Any CPU
		{B69A44D1-0E64-414F-B197-E86456F2850E}.Release|Any CPU.ActiveCfg = Release|Any CPU
		{B69A44D1-0E64-414F-B197-E86456F2850E}.Release|Any CPU.Build.0 = Release|Any CPU
	EndGlobalSection
	GlobalSection(SolutionProperties) = preSolution
		HideSolutionNode = FALSE
	EndGlobalSection
	GlobalSection(ExtensibilityGlobals) = postSolution
		SolutionGuid = {BC6E86EB-64DA-4416-8469-A121CE6F5876}
	EndGlobalSection
EndGlobal
