
Microsoft Visual Studio Solution File, Format Version 12.00
# Visual Studio Version 16
VisualStudioVersion = 16.0.31729.503
MinimumVisualStudioVersion = 10.0.40219.1
Project("{FAE04EC0-301F-11D3-BF4B-00C04F79EFBC}") = "PRACTICA", "PRACTICA\PRACTICA.csproj", "{DCFCB7F9-6AE1-4B2F-B214-52D92B287FCF}"
EndProject
Global
	GlobalSection(SolutionConfigurationPlatforms) = preSolution
		Debug|Any CPU = Debug|Any CPU
		Release|Any CPU = Release|Any CPU
	EndGlobalSection
	GlobalSection(ProjectConfigurationPlatforms) = postSolution
		{DCFCB7F9-6AE1-4B2F-B214-52D92B287FCF}.Debug|Any CPU.ActiveCfg = Debug|Any CPU
		{DCFCB7F9-6AE1-4B2F-B214-52D92B287FCF}.Debug|Any CPU.Build.0 = Debug|Any CPU
		{DCFCB7F9-6AE1-4B2F-B214-52D92B287FCF}.Release|Any CPU.ActiveCfg = Release|Any CPU
		{DCFCB7F9-6AE1-4B2F-B214-52D92B287FCF}.Release|Any CPU.Build.0 = Release|Any CPU
	EndGlobalSection
	GlobalSection(SolutionProperties) = preSolution
		HideSolutionNode = FALSE
	EndGlobalSection
	GlobalSection(ExtensibilityGlobals) = postSolution
		SolutionGuid = {90345C16-3C40-481E-9A37-235082817B37}
	EndGlobalSection
EndGlobal
