
Microsoft Visual Studio Solution File, Format Version 12.00
# Visual Studio Version 16
VisualStudioVersion = 16.0.31729.503
MinimumVisualStudioVersion = 10.0.40219.1
Project("{9A19103F-16F7-4668-BE54-9A1E7A4F7556}") = "Ejercico_67_Temporizador", "Ejercico_67_Temporizador\Ejercico_67_Temporizador.csproj", "{7D5537B0-9332-4473-B8A2-1195D0ACDCAB}"
EndProject
Project("{FAE04EC0-301F-11D3-BF4B-00C04F79EFBC}") = "ejercicio_63", "ejercicio_63\ejercicio_63.csproj", "{4B76EE1C-793C-4A38-A3FF-7AB054BB60AE}"
EndProject
Global
	GlobalSection(SolutionConfigurationPlatforms) = preSolution
		Debug|Any CPU = Debug|Any CPU
		Release|Any CPU = Release|Any CPU
	EndGlobalSection
	GlobalSection(ProjectConfigurationPlatforms) = postSolution
		{7D5537B0-9332-4473-B8A2-1195D0ACDCAB}.Debug|Any CPU.ActiveCfg = Debug|Any CPU
		{7D5537B0-9332-4473-B8A2-1195D0ACDCAB}.Debug|Any CPU.Build.0 = Debug|Any CPU
		{7D5537B0-9332-4473-B8A2-1195D0ACDCAB}.Release|Any CPU.ActiveCfg = Release|Any CPU
		{7D5537B0-9332-4473-B8A2-1195D0ACDCAB}.Release|Any CPU.Build.0 = Release|Any CPU
		{4B76EE1C-793C-4A38-A3FF-7AB054BB60AE}.Debug|Any CPU.ActiveCfg = Debug|Any CPU
		{4B76EE1C-793C-4A38-A3FF-7AB054BB60AE}.Debug|Any CPU.Build.0 = Debug|Any CPU
		{4B76EE1C-793C-4A38-A3FF-7AB054BB60AE}.Release|Any CPU.ActiveCfg = Release|Any CPU
		{4B76EE1C-793C-4A38-A3FF-7AB054BB60AE}.Release|Any CPU.Build.0 = Release|Any CPU
	EndGlobalSection
	GlobalSection(SolutionProperties) = preSolution
		HideSolutionNode = FALSE
	EndGlobalSection
	GlobalSection(ExtensibilityGlobals) = postSolution
		SolutionGuid = {331B7769-478D-4820-9506-1AF5BC46D204}
	EndGlobalSection
EndGlobal
