
Microsoft Visual Studio Solution File, Format Version 12.00
# Visual Studio Version 16
VisualStudioVersion = 16.0.31702.278
MinimumVisualStudioVersion = 10.0.40219.1
Project("{FAE04EC0-301F-11D3-BF4B-00C04F79EFBC}") = "EjemploFormularios", "EjemploFormularios\EjemploFormularios.csproj", "{C41F0442-31CB-4718-A684-78FFA93278F7}"
EndProject
Project("{FAE04EC0-301F-11D3-BF4B-00C04F79EFBC}") = "Entidades", "Entidades\Entidades.csproj", "{6A137A70-6FCE-4C06-9421-B9EE5E5AE3F8}"
EndProject
Global
	GlobalSection(SolutionConfigurationPlatforms) = preSolution
		Debug|Any CPU = Debug|Any CPU
		Release|Any CPU = Release|Any CPU
	EndGlobalSection
	GlobalSection(ProjectConfigurationPlatforms) = postSolution
		{C41F0442-31CB-4718-A684-78FFA93278F7}.Debug|Any CPU.ActiveCfg = Debug|Any CPU
		{C41F0442-31CB-4718-A684-78FFA93278F7}.Debug|Any CPU.Build.0 = Debug|Any CPU
		{C41F0442-31CB-4718-A684-78FFA93278F7}.Release|Any CPU.ActiveCfg = Release|Any CPU
		{C41F0442-31CB-4718-A684-78FFA93278F7}.Release|Any CPU.Build.0 = Release|Any CPU
		{6A137A70-6FCE-4C06-9421-B9EE5E5AE3F8}.Debug|Any CPU.ActiveCfg = Debug|Any CPU
		{6A137A70-6FCE-4C06-9421-B9EE5E5AE3F8}.Debug|Any CPU.Build.0 = Debug|Any CPU
		{6A137A70-6FCE-4C06-9421-B9EE5E5AE3F8}.Release|Any CPU.ActiveCfg = Release|Any CPU
		{6A137A70-6FCE-4C06-9421-B9EE5E5AE3F8}.Release|Any CPU.Build.0 = Release|Any CPU
	EndGlobalSection
	GlobalSection(SolutionProperties) = preSolution
		HideSolutionNode = FALSE
	EndGlobalSection
	GlobalSection(ExtensibilityGlobals) = postSolution
		SolutionGuid = {206849CB-D4D3-4F0D-AFE9-4DD51C7E6DE8}
	EndGlobalSection
EndGlobal
