
Microsoft Visual Studio Solution File, Format Version 12.00
# Visual Studio Version 16
VisualStudioVersion = 16.0.31624.102
MinimumVisualStudioVersion = 10.0.40219.1
Project("{FAE04EC0-301F-11D3-BF4B-00C04F79EFBC}") = "Ejercicio-01-Sobrescribiendo-advertencias", "Ejercicio-01-Sobrescribiendo-advertencias\Ejercicio-01-Sobrescribiendo-advertencias.csproj", "{8C239AC9-284D-412F-8147-82D69D33A814}"
EndProject
Global
	GlobalSection(SolutionConfigurationPlatforms) = preSolution
		Debug|Any CPU = Debug|Any CPU
		Release|Any CPU = Release|Any CPU
	EndGlobalSection
	GlobalSection(ProjectConfigurationPlatforms) = postSolution
		{8C239AC9-284D-412F-8147-82D69D33A814}.Debug|Any CPU.ActiveCfg = Debug|Any CPU
		{8C239AC9-284D-412F-8147-82D69D33A814}.Debug|Any CPU.Build.0 = Debug|Any CPU
		{8C239AC9-284D-412F-8147-82D69D33A814}.Release|Any CPU.ActiveCfg = Release|Any CPU
		{8C239AC9-284D-412F-8147-82D69D33A814}.Release|Any CPU.Build.0 = Release|Any CPU
	EndGlobalSection
	GlobalSection(SolutionProperties) = preSolution
		HideSolutionNode = FALSE
	EndGlobalSection
	GlobalSection(ExtensibilityGlobals) = postSolution
		SolutionGuid = {B18C0104-0C11-4A72-812C-B19B1A54C138}
	EndGlobalSection
EndGlobal
