
Microsoft Visual Studio Solution File, Format Version 12.00
# Visual Studio Version 16
VisualStudioVersion = 16.0.31624.102
MinimumVisualStudioVersion = 10.0.40219.1
Project("{FAE04EC0-301F-11D3-BF4B-00C04F79EFBC}") = "MiCalculadora", "MiCalculadora\MiCalculadora.csproj", "{52A92A07-6A13-47EF-931B-9A71A866518A}"
EndProject
Global
	GlobalSection(SolutionConfigurationPlatforms) = preSolution
		Debug|Any CPU = Debug|Any CPU
		Release|Any CPU = Release|Any CPU
	EndGlobalSection
	GlobalSection(ProjectConfigurationPlatforms) = postSolution
		{52A92A07-6A13-47EF-931B-9A71A866518A}.Debug|Any CPU.ActiveCfg = Debug|Any CPU
		{52A92A07-6A13-47EF-931B-9A71A866518A}.Debug|Any CPU.Build.0 = Debug|Any CPU
		{52A92A07-6A13-47EF-931B-9A71A866518A}.Release|Any CPU.ActiveCfg = Release|Any CPU
		{52A92A07-6A13-47EF-931B-9A71A866518A}.Release|Any CPU.Build.0 = Release|Any CPU
	EndGlobalSection
	GlobalSection(SolutionProperties) = preSolution
		HideSolutionNode = FALSE
	EndGlobalSection
	GlobalSection(ExtensibilityGlobals) = postSolution
		SolutionGuid = {A7A27F33-65DF-49AD-87A6-74DC2198F194}
	EndGlobalSection
EndGlobal
