
Microsoft Visual Studio Solution File, Format Version 12.00
# Visual Studio Version 16
VisualStudioVersion = 16.0.31624.102
MinimumVisualStudioVersion = 10.0.40219.1
Project("{FAE04EC0-301F-11D3-BF4B-00C04F79EFBC}") = "Ejercicio_19_Sumador", "Ejercicio_19_Sumador\Ejercicio_19_Sumador.csproj", "{C790546B-FDE0-4463-BA33-66127A670B1F}"
EndProject
Global
	GlobalSection(SolutionConfigurationPlatforms) = preSolution
		Debug|Any CPU = Debug|Any CPU
		Release|Any CPU = Release|Any CPU
	EndGlobalSection
	GlobalSection(ProjectConfigurationPlatforms) = postSolution
		{C790546B-FDE0-4463-BA33-66127A670B1F}.Debug|Any CPU.ActiveCfg = Debug|Any CPU
		{C790546B-FDE0-4463-BA33-66127A670B1F}.Debug|Any CPU.Build.0 = Debug|Any CPU
		{C790546B-FDE0-4463-BA33-66127A670B1F}.Release|Any CPU.ActiveCfg = Release|Any CPU
		{C790546B-FDE0-4463-BA33-66127A670B1F}.Release|Any CPU.Build.0 = Release|Any CPU
	EndGlobalSection
	GlobalSection(SolutionProperties) = preSolution
		HideSolutionNode = FALSE
	EndGlobalSection
	GlobalSection(ExtensibilityGlobals) = postSolution
		SolutionGuid = {08FDCE53-BB2C-48D6-9596-9AB35658371A}
	EndGlobalSection
EndGlobal
