
Microsoft Visual Studio Solution File, Format Version 12.00
# Visual Studio Version 16
VisualStudioVersion = 16.0.31729.503
MinimumVisualStudioVersion = 10.0.40219.1
Project("{FAE04EC0-301F-11D3-BF4B-00C04F79EFBC}") = "Ejercicion_56", "Ejercicion_56\Ejercicion_56.csproj", "{467314C6-7CF6-42F6-A2AB-1AB678C5AAD5}"
EndProject
Global
	GlobalSection(SolutionConfigurationPlatforms) = preSolution
		Debug|Any CPU = Debug|Any CPU
		Release|Any CPU = Release|Any CPU
	EndGlobalSection
	GlobalSection(ProjectConfigurationPlatforms) = postSolution
		{467314C6-7CF6-42F6-A2AB-1AB678C5AAD5}.Debug|Any CPU.ActiveCfg = Debug|Any CPU
		{467314C6-7CF6-42F6-A2AB-1AB678C5AAD5}.Debug|Any CPU.Build.0 = Debug|Any CPU
		{467314C6-7CF6-42F6-A2AB-1AB678C5AAD5}.Release|Any CPU.ActiveCfg = Release|Any CPU
		{467314C6-7CF6-42F6-A2AB-1AB678C5AAD5}.Release|Any CPU.Build.0 = Release|Any CPU
	EndGlobalSection
	GlobalSection(SolutionProperties) = preSolution
		HideSolutionNode = FALSE
	EndGlobalSection
	GlobalSection(ExtensibilityGlobals) = postSolution
		SolutionGuid = {44D357D5-35AB-4082-A496-B2551CE138B1}
	EndGlobalSection
EndGlobal
